{
  "name": "message_me",
  "lockfileVersion": 3,
  "requires": true,
  "packages": {
    "": {
      "dependencies": {
        "@doabit/semantic-ui-sass": "^2.4.5",
        "actioncable": "^5.2.8-1",
        "jquery": "^3.7.1",
        "popper.js": "^1.16.1"
      }
    },
    "node_modules/@doabit/semantic-ui-sass": {
      "version": "2.4.5",
      "resolved": "https://registry.npmjs.org/@doabit/semantic-ui-sass/-/semantic-ui-sass-2.4.5.tgz",
      "integrity": "sha512-22JM+johZwSwJlb8yo5E1NOBO7Cm/1KUGTIYd+o4yGXZxLTyJaX1PWh1jPZ/QlJ55A7UOFrIyG93ui3VgY5JFA==",
      "license": "MIT"
    },
    "node_modules/actioncable": {
      "version": "5.2.8-1",
      "resolved": "https://registry.npmjs.org/actioncable/-/actioncable-5.2.8-1.tgz",
      "integrity": "sha512-p/a9jeFs3KB3SWZ9w/T5HLyztooYSufOG++Uhau9YzprdBNyjFfsqrtN1roVVEzNDBGZJVr/2SSWwofvavPL1w=="
    },
    "node_modules/jquery": {
      "version": "3.7.1",
      "resolved": "https://registry.npmjs.org/jquery/-/jquery-3.7.1.tgz",
      "integrity": "sha512-m4avr8yL8kmFN8psrbFFFmB/If14iN5o9nw/NgnnM+kybDJpRsAynV2BsfpTYrTRysYUdADVD7CkUUizgkpLfg==",
      "license": "MIT"
    },
    "node_modules/popper.js": {
      "version": "1.16.1",
      "resolved": "https://registry.npmjs.org/popper.js/-/popper.js-1.16.1.tgz",
      "integrity": "sha512-Wb4p1J4zyFTbM+u6WuO4XstYx4Ky9Cewe4DWrel7B0w6VVICvPwdOpotjzcf6eD8TsckVnIMNONQyPIUFOUbCQ==",
      "license": "MIT",
      "funding": {
        "type": "opencollective",
        "url": "https://opencollective.com/popperjs"
      }
    }
  }
}
